{
  "name": "frontend",
  "version": "16.0.0",
  "lockfileVersion": 3,
  "requires": true,
  "packages": {
    "": {
      "name": "frontend",
      "version": "16.0.0",
      "dependencies": {
        "canvas-confetti": "^1.4.0",
        "codemirror": "^5.65.14",
        "express-fileupload": "^1.5.1",
        "file-saver": "^2.0.2",
        "flag-icons": "^6.9.2",
        "lodash-es": "4.17.4"
      }
    },
    "node_modules/busboy": {
      "version": "1.6.0",
      "resolved": "https://registry.npmjs.org/busboy/-/busboy-1.6.0.tgz",
      "integrity": "sha512-8SFQbg/0hQ9xy3UNTB0YEnsNBbWfhf7RtnzpL7TkBiTBRfrQ9Fxcnz7VJsleJpyp6rVLvXiuORqjlHi5q+PYuA==",
      "dependencies": {
        "streamsearch": "^1.1.0"
      },
      "engines": {
        "node": ">=10.16.0"
      }
    },
    "node_modules/canvas-confetti": {
      "version": "1.9.2",
      "resolved": "https://registry.npmjs.org/canvas-confetti/-/canvas-confetti-1.9.2.tgz",
      "integrity": "sha512-6Xi7aHHzKwxZsem4mCKoqP6YwUG3HamaHHAlz1hTNQPCqXhARFpSXnkC9TWlahHY5CG6hSL5XexNjxK8irVErg==",
      "funding": {
        "type": "donate",
        "url": "https://www.paypal.me/kirilvatev"
      }
    },
    "node_modules/codemirror": {
      "version": "5.65.16",
      "resolved": "https://registry.npmjs.org/codemirror/-/codemirror-5.65.16.tgz",
      "integrity": "sha512-br21LjYmSlVL0vFCPWPfhzUCT34FM/pAdK7rRIZwa0rrtrIdotvP4Oh4GUHsu2E3IrQMCfRkL/fN3ytMNxVQvg=="
    },
    "node_modules/express-fileupload": {
      "version": "1.5.1",
      "resolved": "https://registry.npmjs.org/express-fileupload/-/express-fileupload-1.5.1.tgz",
      "integrity": "sha512-LsYG1ALXEB7vlmjuSw8ABeOctMp8a31aUC5ZF55zuz7O2jLFnmJYrCv10py357ky48aEoBQ/9bVXgFynjvaPmA==",
      "license": "MIT",
      "dependencies": {
        "busboy": "^1.6.0"
      },
      "engines": {
        "node": ">=12.0.0"
      }
    },
    "node_modules/file-saver": {
      "version": "2.0.5",
      "resolved": "https://registry.npmjs.org/file-saver/-/file-saver-2.0.5.tgz",
      "integrity": "sha512-P9bmyZ3h/PRG+Nzga+rbdI4OEpNDzAVyy74uVO9ATgzLK6VtAsYybF/+TOCvrc0MO793d6+42lLyZTw7/ArVzA=="
    },
    "node_modules/flag-icons": {
      "version": "6.15.0",
      "resolved": "https://registry.npmjs.org/flag-icons/-/flag-icons-6.15.0.tgz",
      "integrity": "sha512-ARo9Q+aATZEjyjveeec9e+orx+xLWUBdOX9baOKoGqDzMbvZ65ghPhaHbVt5T7ZB+Q4OFsB4Hr+eQnpV8Q+dLA=="
    },
    "node_modules/lodash-es": {
      "version": "4.17.4",
      "resolved": "https://registry.npmjs.org/lodash-es/-/lodash-es-4.17.4.tgz",
      "integrity": "sha512-IFCS4mLMmGqejkFwanRvT2DgWWhXlz8qxC6HGQb38brKwxX+o2ic8VFPeOlY8AwCzGY4BjSO5P3UDFCSEy6PVw=="
    },
    "node_modules/streamsearch": {
      "version": "1.1.0",
      "resolved": "https://registry.npmjs.org/streamsearch/-/streamsearch-1.1.0.tgz",
      "integrity": "sha512-Mcc5wHehp9aXz1ax6bZUyY5afg9u2rv5cqQI3mRrYkGC8rW2hM02jWuwjtL++LS5qinSyhj2QfLyNsuc+VsExg==",
      "engines": {
        "node": ">=10.0.0"
      }
    }
  }
}
