{
  "name": "frontend",
  "version": "16.0.0",
  "lockfileVersion": 3,
  "requires": true,
  "packages": {
    "": {
      "name": "frontend",
      "version": "16.0.0",
      "dependencies": {
        "canvas-confetti": "^1.4.0",
        "codemirror": "^5.65.14",
        "express-fileupload": "1.1.5",
        "file-saver": "^2.0.2",
        "flag-icons": "^6.9.2",
        "lodash-es": "4.17.21"
      }
    },
    "node_modules/busboy": {
      "version": "0.2.14",
      "resolved": "https://registry.npmjs.org/busboy/-/busboy-0.2.14.tgz",
      "integrity": "sha512-InWFDomvlkEj+xWLBfU3AvnbVYqeTWmQopiW0tWWEy5yehYm2YkGEc59sUmw/4ty5Zj/b0WHGs1LgecuBSBGrg==",
      "dependencies": {
        "dicer": "0.2.5",
        "readable-stream": "1.1.x"
      },
      "engines": {
        "node": ">=0.8.0"
      }
    },
    "node_modules/canvas-confetti": {
      "version": "1.9.2",
      "resolved": "https://registry.npmjs.org/canvas-confetti/-/canvas-confetti-1.9.2.tgz",
      "integrity": "sha512-6Xi7aHHzKwxZsem4mCKoqP6YwUG3HamaHHAlz1hTNQPCqXhARFpSXnkC9TWlahHY5CG6hSL5XexNjxK8irVErg==",
      "funding": {
        "type": "donate",
        "url": "https://www.paypal.me/kirilvatev"
      }
    },
    "node_modules/codemirror": {
      "version": "5.65.16",
      "resolved": "https://registry.npmjs.org/codemirror/-/codemirror-5.65.16.tgz",
      "integrity": "sha512-br21LjYmSlVL0vFCPWPfhzUCT34FM/pAdK7rRIZwa0rrtrIdotvP4Oh4GUHsu2E3IrQMCfRkL/fN3ytMNxVQvg=="
    },
    "node_modules/core-util-is": {
      "version": "1.0.3",
      "resolved": "https://registry.npmjs.org/core-util-is/-/core-util-is-1.0.3.tgz",
      "integrity": "sha512-ZQBvi1DcpJ4GDqanjucZ2Hj3wEO5pZDS89BWbkcrvdxksJorwUDDZamX9ldFkp9aw2lmBDLgkObEA4DWNJ9FYQ=="
    },
    "node_modules/dicer": {
      "version": "0.2.5",
      "resolved": "https://registry.npmjs.org/dicer/-/dicer-0.2.5.tgz",
      "integrity": "sha512-FDvbtnq7dzlPz0wyYlOExifDEZcu8h+rErEXgfxqmLfRfC/kJidEFh4+effJRO3P0xmfqyPbSMG0LveNRfTKVg==",
      "dependencies": {
        "readable-stream": "1.1.x",
        "streamsearch": "0.1.2"
      },
      "engines": {
        "node": ">=0.8.0"
      }
    },
    "node_modules/express-fileupload": {
      "version": "1.1.5",
      "resolved": "https://registry.npmjs.org/express-fileupload/-/express-fileupload-1.1.5.tgz",
      "integrity": "sha512-ZYxGkXm9y1dSMgbW+lwvtqld+dulYm3OU1GQF9n6NNEwulHTPUsz4mHGG5/LiUszz5jnh/j8AcpLFUdaj8UUtQ==",
      "deprecated": "Please upgrade express-fileupload to version 1.1.8+ due to a security vulnerability with the parseNested option",
      "dependencies": {
        "busboy": "^0.2.14"
      },
      "engines": {
        "node": ">=6.0.0"
      }
    },
    "node_modules/file-saver": {
      "version": "2.0.5",
      "resolved": "https://registry.npmjs.org/file-saver/-/file-saver-2.0.5.tgz",
      "integrity": "sha512-P9bmyZ3h/PRG+Nzga+rbdI4OEpNDzAVyy74uVO9ATgzLK6VtAsYybF/+TOCvrc0MO793d6+42lLyZTw7/ArVzA=="
    },
    "node_modules/flag-icons": {
      "version": "6.15.0",
      "resolved": "https://registry.npmjs.org/flag-icons/-/flag-icons-6.15.0.tgz",
      "integrity": "sha512-ARo9Q+aATZEjyjveeec9e+orx+xLWUBdOX9baOKoGqDzMbvZ65ghPhaHbVt5T7ZB+Q4OFsB4Hr+eQnpV8Q+dLA=="
    },
    "node_modules/inherits": {
      "version": "2.0.4",
      "resolved": "https://registry.npmjs.org/inherits/-/inherits-2.0.4.tgz",
      "integrity": "sha512-k/vGaX4/Yla3WzyMCvTQOXYeIHvqOKtnqBduzTHpzpQZzAskKMhZ2K+EnBiSM9zGSoIFeMpXKxa4dYeZIQqewQ=="
    },
    "node_modules/isarray": {
      "version": "0.0.1",
      "resolved": "https://registry.npmjs.org/isarray/-/isarray-0.0.1.tgz",
      "integrity": "sha512-D2S+3GLxWH+uhrNEcoh/fnmYeP8E8/zHl644d/jdA0g2uyXvy3sb0qxotE+ne0LtccHknQzWwZEzhak7oJ0COQ=="
    },
    "node_modules/lodash-es": {
      "version": "4.17.21",
      "resolved": "https://registry.npmjs.org/lodash-es/-/lodash-es-4.17.21.tgz",
      "integrity": "sha512-mKnC+QJ9pWVzv+C4/U3rRsHapFfHvQFoFB92e52xeyGMcX6/OlIl78je1u8vePzYZSkkogMPJ2yjxxsb89cxyw==",
      "license": "MIT"
    },
    "node_modules/readable-stream": {
      "version": "1.1.14",
      "resolved": "https://registry.npmjs.org/readable-stream/-/readable-stream-1.1.14.tgz",
      "integrity": "sha512-+MeVjFf4L44XUkhM1eYbD8fyEsxcV81pqMSR5gblfcLCHfZvbrqy4/qYHE+/R5HoBUT11WV5O08Cr1n3YXkWVQ==",
      "dependencies": {
        "core-util-is": "~1.0.0",
        "inherits": "~2.0.1",
        "isarray": "0.0.1",
        "string_decoder": "~0.10.x"
      }
    },
    "node_modules/streamsearch": {
      "version": "0.1.2",
      "resolved": "https://registry.npmjs.org/streamsearch/-/streamsearch-0.1.2.tgz",
      "integrity": "sha512-jos8u++JKm0ARcSUTAZXOVC0mSox7Bhn6sBgty73P1f3JGf7yG2clTbBNHUdde/kdvP2FESam+vM6l8jBrNxHA==",
      "engines": {
        "node": ">=0.8.0"
      }
    },
    "node_modules/string_decoder": {
      "version": "0.10.31",
      "resolved": "https://registry.npmjs.org/string_decoder/-/string_decoder-0.10.31.tgz",
      "integrity": "sha512-ev2QzSzWPYmy9GuqfIVildA4OdcGLeFZQrq5ys6RtiuF+RQQiZWr8TZNyAcuVXyQRYfEO+MsoB/1BuQVhOJuoQ=="
    }
  }
}
